
Microsoft Visual Studio Solution File, Format Version 12.00
# Visual Studio 2013
VisualStudioVersion = 12.0.21005.1
MinimumVisualStudioVersion = 10.0.40219.1
Project("{FAE04EC0-301F-11D3-BF4B-00C04F79EFBC}") = "ComprasDigital", "ComprasDigital\ComprasDigital.csproj", "{6E69F809-CAE2-478A-B653-112E62FCD170}"
EndProject
Project("{FAE04EC0-301F-11D3-BF4B-00C04F79EFBC}") = "ComprasDigitalTest", "ComprasDigitalTest\ComprasDigitalTest.csproj", "{08ED5CC4-A98C-49DB-83C5-E4BBBB93DB6A}"
EndProject
Global
	GlobalSection(SolutionConfigurationPlatforms) = preSolution
		Debug|Any CPU = Debug|Any CPU
		Release|Any CPU = Release|Any CPU
	EndGlobalSection
	GlobalSection(ProjectConfigurationPlatforms) = postSolution
		{6E69F809-CAE2-478A-B653-112E62FCD170}.Debug|Any CPU.ActiveCfg = Debug|Any CPU
		{6E69F809-CAE2-478A-B653-112E62FCD170}.Debug|Any CPU.Build.0 = Debug|Any CPU
		{6E69F809-CAE2-478A-B653-112E62FCD170}.Release|Any CPU.ActiveCfg = Release|Any CPU
		{6E69F809-CAE2-478A-B653-112E62FCD170}.Release|Any CPU.Build.0 = Release|Any CPU
		{08ED5CC4-A98C-49DB-83C5-E4BBBB93DB6A}.Debug|Any CPU.ActiveCfg = Debug|Any CPU
		{08ED5CC4-A98C-49DB-83C5-E4BBBB93DB6A}.Debug|Any CPU.Build.0 = Debug|Any CPU
		{08ED5CC4-A98C-49DB-83C5-E4BBBB93DB6A}.Release|Any CPU.ActiveCfg = Release|Any CPU
		{08ED5CC4-A98C-49DB-83C5-E4BBBB93DB6A}.Release|Any CPU.Build.0 = Release|Any CPU
	EndGlobalSection
	GlobalSection(SolutionProperties) = preSolution
		HideSolutionNode = FALSE
	EndGlobalSection
EndGlobal
